{
  "version": 4,
  "terraform_version": "1.5.2",
  "serial": 5,
  "lineage": "0cea1de1-4caf-f17d-f910-69a7e8bf987d",
  "outputs": {},
  "resources": [
    {
      "mode": "managed",
      "type": "azapi_resource",
      "name": "project",
      "provider": "provider[\"registry.terraform.io/azure/azapi\"]",
      "instances": [
        {
          "schema_version": 0,
          "attributes": {
            "body": "{\"properties\":{\"publicNetworkAccess\":\"Enabled\",\"utilityStorageAccountId\":\"/subscriptions/85b3dbca-5974-4067-9669-67a141095a76/resourceGroups/acctest0001/providers/Microsoft.Storage/storageAccounts/acctest0001\"}}",
            "id": "/subscriptions/85b3dbca-5974-4067-9669-67a141095a76/resourceGroups/acctest0001/providers/Microsoft.Migrate/migrateProjects/acctest0001",
            "identity": [],
            "ignore_casing": false,
            "ignore_changes": null,
            "ignore_missing_property": true,
            "location": "westeurope",
            "locks": null,
            "name": "acctest0001",
            "output": "{}",
            "parent_id": "/subscriptions/85b3dbca-5974-4067-9669-67a141095a76/resourceGroups/acctest0001",
            "removing_special_chars": false,
            "response_export_values": null,
            "schema_validation_enabled": true,
            "tags": {},
            "timeouts": null,
            "type": "Microsoft.Migrate/migrateProjects@2020-05-01"
          },
          "sensitive_attributes": [],
          "private": "eyJlMmJmYjczMC1lY2FhLTExZTYtOGY4OC0zNDM2M2JjN2M0YzAiOnsiY3JlYXRlIjoxODAwMDAwMDAwMDAwLCJkZWxldGUiOjE4MDAwMDAwMDAwMDAsInJlYWQiOjMwMDAwMDAwMDAwMCwidXBkYXRlIjoxODAwMDAwMDAwMDAwfX0=",
          "dependencies": [
            "azapi_resource.resourceGroup",
            "azapi_resource.storageAccount"
          ]
        }
      ]
    },
    {
      "mode": "managed",
      "type": "azapi_resource",
      "name": "resourceGroup",
      "provider": "provider[\"registry.terraform.io/azure/azapi\"]",
      "instances": [
        {
          "schema_version": 0,
          "attributes": {
            "body": "{}",
            "id": "/subscriptions/85b3dbca-5974-4067-9669-67a141095a76/resourceGroups/acctest0001",
            "identity": [],
            "ignore_casing": false,
            "ignore_changes": null,
            "ignore_missing_property": true,
            "location": "westeurope",
            "locks": null,
            "name": "acctest0001",
            "output": "{\"id\":\"/subscriptions/85b3dbca-5974-4067-9669-67a141095a76/resourceGroups/acctest0001\",\"location\":\"westeurope\",\"name\":\"acctest0001\",\"properties\":{\"provisioningState\":\"Succeeded\"},\"type\":\"Microsoft.Resources/resourceGroups\"}",
            "parent_id": "/subscriptions/85b3dbca-5974-4067-9669-67a141095a76",
            "removing_special_chars": false,
            "response_export_values": [
              "*"
            ],
            "schema_validation_enabled": false,
            "tags": {},
            "timeouts": null,
            "type": "Microsoft.Resources/resourceGroups@2020-06-01"
          },
          "sensitive_attributes": [],
          "private": "eyJlMmJmYjczMC1lY2FhLTExZTYtOGY4OC0zNDM2M2JjN2M0YzAiOnsiY3JlYXRlIjoxODAwMDAwMDAwMDAwLCJkZWxldGUiOjE4MDAwMDAwMDAwMDAsInJlYWQiOjMwMDAwMDAwMDAwMCwidXBkYXRlIjoxODAwMDAwMDAwMDAwfX0="
        }
      ]
    },
    {
      "mode": "managed",
      "type": "azapi_resource",
      "name": "solution",
      "provider": "provider[\"registry.terraform.io/azure/azapi\"]",
      "instances": [
        {
          "schema_version": 0,
          "attributes": {
            "body": "{\"properties\":{\"summary\":{\"instanceType\":\"Servers\",\"migratedCount\":0}}}",
            "id": "/subscriptions/85b3dbca-5974-4067-9669-67a141095a76/resourceGroups/acctest0001/providers/Microsoft.Migrate/migrateProjects/acctest0001/solutions/acctest0001",
            "identity": [],
            "ignore_casing": false,
            "ignore_changes": null,
            "ignore_missing_property": true,
            "location": "",
            "locks": null,
            "name": "acctest0001",
            "output": "{}",
            "parent_id": "/subscriptions/85b3dbca-5974-4067-9669-67a141095a76/resourceGroups/acctest0001/providers/Microsoft.Migrate/migrateProjects/acctest0001",
            "removing_special_chars": false,
            "response_export_values": null,
            "schema_validation_enabled": true,
            "tags": {},
            "timeouts": null,
            "type": "Microsoft.Migrate/migrateProjects/solutions@2018-09-01-preview"
          },
          "sensitive_attributes": [],
          "private": "eyJlMmJmYjczMC1lY2FhLTExZTYtOGY4OC0zNDM2M2JjN2M0YzAiOnsiY3JlYXRlIjoxODAwMDAwMDAwMDAwLCJkZWxldGUiOjE4MDAwMDAwMDAwMDAsInJlYWQiOjMwMDAwMDAwMDAwMCwidXBkYXRlIjoxODAwMDAwMDAwMDAwfX0=",
          "dependencies": [
            "azapi_resource.project",
            "azapi_resource.resourceGroup",
            "azapi_resource.storageAccount"
          ]
        }
      ]
    },
    {
      "mode": "managed",
      "type": "azapi_resource",
      "name": "storageAccount",
      "provider": "provider[\"registry.terraform.io/azure/azapi\"]",
      "instances": [
        {
          "schema_version": 0,
          "attributes": {
            "body": "{\"identity\":{\"type\":\"None\"},\"kind\":\"StorageV2\",\"properties\":{\"accessTier\":\"Hot\",\"allowBlobPublicAccess\":true,\"allowCrossTenantReplication\":true,\"allowSharedKeyAccess\":true,\"defaultToOAuthAuthentication\":false,\"encryption\":{\"keySource\":\"Microsoft.Storage\",\"services\":{\"queue\":{\"keyType\":\"Service\"},\"table\":{\"keyType\":\"Service\"}}},\"isHnsEnabled\":false,\"isNfsV3Enabled\":false,\"isSftpEnabled\":false,\"minimumTlsVersion\":\"TLS1_2\",\"networkAcls\":{\"defaultAction\":\"Allow\"},\"publicNetworkAccess\":\"Enabled\",\"supportsHttpsTrafficOnly\":true},\"sku\":{\"name\":\"Standard_LRS\"}}",
            "id": "/subscriptions/85b3dbca-5974-4067-9669-67a141095a76/resourceGroups/acctest0001/providers/Microsoft.Storage/storageAccounts/acctest0001",
            "identity": [
              {
                "identity_ids": [],
                "principal_id": "",
                "tenant_id": "",
                "type": "None"
              }
            ],
            "ignore_casing": false,
            "ignore_changes": null,
            "ignore_missing_property": true,
            "location": "westeurope",
            "locks": null,
            "name": "acctest0001",
            "output": "{\"id\":\"/subscriptions/85b3dbca-5974-4067-9669-67a141095a76/resourceGroups/acctest0001/providers/Microsoft.Storage/storageAccounts/acctest0001\",\"identity\":{\"type\":\"None\"},\"kind\":\"StorageV2\",\"location\":\"westeurope\",\"name\":\"acctest0001\",\"properties\":{\"accessTier\":\"Hot\",\"allowBlobPublicAccess\":true,\"allowCrossTenantReplication\":true,\"allowSharedKeyAccess\":true,\"creationTime\":\"2023-08-10T04:15:22.6959214Z\",\"defaultToOAuthAuthentication\":false,\"encryption\":{\"keySource\":\"Microsoft.Storage\",\"services\":{\"blob\":{\"enabled\":true,\"keyType\":\"Account\",\"lastEnabledTime\":\"2023-08-10T04:15:23.1647234Z\"},\"file\":{\"enabled\":true,\"keyType\":\"Account\",\"lastEnabledTime\":\"2023-08-10T04:15:23.1647234Z\"}}},\"isHnsEnabled\":false,\"isNfsV3Enabled\":false,\"isSftpEnabled\":false,\"keyCreationTime\":{\"key1\":\"2023-08-10T04:15:22.8834265Z\",\"key2\":\"2023-08-10T04:15:22.8834265Z\"},\"minimumTlsVersion\":\"TLS1_2\",\"networkAcls\":{\"bypass\":\"AzureServices\",\"defaultAction\":\"Allow\",\"ipRules\":[],\"virtualNetworkRules\":[]},\"primaryEndpoints\":{\"blob\":\"https://acctest0001.blob.core.windows.net/\",\"dfs\":\"https://acctest0001.dfs.core.windows.net/\",\"file\":\"https://acctest0001.file.core.windows.net/\",\"queue\":\"https://acctest0001.queue.core.windows.net/\",\"table\":\"https://acctest0001.table.core.windows.net/\",\"web\":\"https://acctest0001.z6.web.core.windows.net/\"},\"primaryLocation\":\"westeurope\",\"privateEndpointConnections\":[],\"provisioningState\":\"Succeeded\",\"publicNetworkAccess\":\"Enabled\",\"statusOfPrimary\":\"available\",\"supportsHttpsTrafficOnly\":true},\"sku\":{\"name\":\"Standard_LRS\",\"tier\":\"Standard\"},\"tags\":{},\"type\":\"Microsoft.Storage/storageAccounts\"}",
            "parent_id": "/subscriptions/85b3dbca-5974-4067-9669-67a141095a76/resourceGroups/acctest0001",
            "removing_special_chars": false,
            "response_export_values": [
              "*"
            ],
            "schema_validation_enabled": false,
            "tags": {},
            "timeouts": null,
            "type": "Microsoft.Storage/storageAccounts@2021-09-01"
          },
          "sensitive_attributes": [],
          "private": "eyJlMmJmYjczMC1lY2FhLTExZTYtOGY4OC0zNDM2M2JjN2M0YzAiOnsiY3JlYXRlIjoxODAwMDAwMDAwMDAwLCJkZWxldGUiOjE4MDAwMDAwMDAwMDAsInJlYWQiOjMwMDAwMDAwMDAwMCwidXBkYXRlIjoxODAwMDAwMDAwMDAwfX0=",
          "dependencies": [
            "azapi_resource.resourceGroup"
          ]
        }
      ]
    }
  ],
  "check_results": null
}
